
Microsoft Visual Studio Solution File, Format Version 12.00
# Visual Studio Version 16
VisualStudioVersion = 16.0.31729.503
MinimumVisualStudioVersion = 10.0.40219.1
Project("{9A19103F-16F7-4668-BE54-9A1E7A4F7556}") = "RealTimeMVCapp", "RealTimeMVCapp.csproj", "{4127D2AF-F7C5-4885-A54D-078C3E3BE4B8}"
EndProject
Project("{FAE04EC0-301F-11D3-BF4B-00C04F79EFBC}") = "RealTimeWebUI", "..\RealTimeWebUI\RealTimeWebUI.csproj", "{2EBDD506-B423-4DEF-A268-9A9C6215E2F8}"
EndProject
Global
	GlobalSection(SolutionConfigurationPlatforms) = preSolution
		Debug|Any CPU = Debug|Any CPU
		Release|Any CPU = Release|Any CPU
	EndGlobalSection
	GlobalSection(ProjectConfigurationPlatforms) = postSolution
		{4127D2AF-F7C5-4885-A54D-078C3E3BE4B8}.Debug|Any CPU.ActiveCfg = Debug|Any CPU
		{4127D2AF-F7C5-4885-A54D-078C3E3BE4B8}.Debug|Any CPU.Build.0 = Debug|Any CPU
		{4127D2AF-F7C5-4885-A54D-078C3E3BE4B8}.Release|Any CPU.ActiveCfg = Release|Any CPU
		{4127D2AF-F7C5-4885-A54D-078C3E3BE4B8}.Release|Any CPU.Build.0 = Release|Any CPU
		{2EBDD506-B423-4DEF-A268-9A9C6215E2F8}.Debug|Any CPU.ActiveCfg = Debug|Any CPU
		{2EBDD506-B423-4DEF-A268-9A9C6215E2F8}.Debug|Any CPU.Build.0 = Debug|Any CPU
		{2EBDD506-B423-4DEF-A268-9A9C6215E2F8}.Release|Any CPU.ActiveCfg = Release|Any CPU
		{2EBDD506-B423-4DEF-A268-9A9C6215E2F8}.Release|Any CPU.Build.0 = Release|Any CPU
	EndGlobalSection
	GlobalSection(SolutionProperties) = preSolution
		HideSolutionNode = FALSE
	EndGlobalSection
	GlobalSection(ExtensibilityGlobals) = postSolution
		SolutionGuid = {FE41D496-39CF-4CC0-A213-4031C2F8E92A}
	EndGlobalSection
EndGlobal
